
Microsoft Visual Studio Solution File, Format Version 12.00
# Visual Studio Version 16
VisualStudioVersion = 16.0.32002.261
MinimumVisualStudioVersion = 10.0.40219.1
Project("{FAE04EC0-301F-11D3-BF4B-00C04F79EFBC}") = "UseClass", "UseClass\UseClass.csproj", "{9F4D87B9-2D59-4DDF-942E-7831DC6FD9BA}"
EndProject
Global
	GlobalSection(SolutionConfigurationPlatforms) = preSolution
		Debug|Any CPU = Debug|Any CPU
		Release|Any CPU = Release|Any CPU
	EndGlobalSection
	GlobalSection(ProjectConfigurationPlatforms) = postSolution
		{9F4D87B9-2D59-4DDF-942E-7831DC6FD9BA}.Debug|Any CPU.ActiveCfg = Debug|Any CPU
		{9F4D87B9-2D59-4DDF-942E-7831DC6FD9BA}.Debug|Any CPU.Build.0 = Debug|Any CPU
		{9F4D87B9-2D59-4DDF-942E-7831DC6FD9BA}.Release|Any CPU.ActiveCfg = Release|Any CPU
		{9F4D87B9-2D59-4DDF-942E-7831DC6FD9BA}.Release|Any CPU.Build.0 = Release|Any CPU
	EndGlobalSection
	GlobalSection(SolutionProperties) = preSolution
		HideSolutionNode = FALSE
	EndGlobalSection
	GlobalSection(ExtensibilityGlobals) = postSolution
		SolutionGuid = {546E4894-D228-46F1-BE52-DCB826859772}
	EndGlobalSection
EndGlobal
